Microsoft Visual Studio Solution File, Format Version 12.00
# Visual Studio Version 17
VisualStudioVersion = 17.5.2.0
MinimumVisualStudioVersion = 10.0.40219.1
Project("{FAE04EC0-301F-11D3-BF4B-00C04F79EFBC}") = "teste_campos_dealer", "teste_campos_dealer.csproj", "{3538E134-85A2-BA13-8387-7D08EE47A24B}"
EndProject
Global
	GlobalSection(SolutionConfigurationPlatforms) = preSolution
		Debug|Any CPU = Debug|Any CPU
		Release|Any CPU = Release|Any CPU
	EndGlobalSection
	GlobalSection(ProjectConfigurationPlatforms) = postSolution
		{3538E134-85A2-BA13-8387-7D08EE47A24B}.Debug|Any CPU.ActiveCfg = Debug|Any CPU
		{3538E134-85A2-BA13-8387-7D08EE47A24B}.Debug|Any CPU.Build.0 = Debug|Any CPU
		{3538E134-85A2-BA13-8387-7D08EE47A24B}.Release|Any CPU.ActiveCfg = Release|Any CPU
		{3538E134-85A2-BA13-8387-7D08EE47A24B}.Release|Any CPU.Build.0 = Release|Any CPU
	EndGlobalSection
	GlobalSection(SolutionProperties) = preSolution
		HideSolutionNode = FALSE
	EndGlobalSection
	GlobalSection(ExtensibilityGlobals) = postSolution
		SolutionGuid = {C2185EAE-4F6A-4CD1-B1F6-DC23D065C676}
	EndGlobalSection
EndGlobal
